
Microsoft Visual Studio Solution File, Format Version 12.00
# Visual Studio Version 17
VisualStudioVersion = 17.13.35931.197 d17.13
MinimumVisualStudioVersion = 10.0.40219.1
Project("{FAE04EC0-301F-11D3-BF4B-00C04F79EFBC}") = "TodoApp.Api", "TodoApp.Api\TodoApp.Api.csproj", "{C4FCD210-8879-4686-8371-41FD6B35B8A8}"
EndProject
Project("{FAE04EC0-301F-11D3-BF4B-00C04F79EFBC}") = "TodoApp.Application", "TodoApp.Application\TodoApp.Application.csproj", "{F68D51B8-2EC3-427E-9006-2C3E34DCB7BE}"
EndProject
Project("{FAE04EC0-301F-11D3-BF4B-00C04F79EFBC}") = "TodoApp.Domain", "TodoApp.Domain\TodoApp.Domain.csproj", "{8CE212FA-7971-4586-91C3-40F99D163F9B}"
EndProject
Project("{FAE04EC0-301F-11D3-BF4B-00C04F79EFBC}") = "TodoApp.Infrastructure", "TodoApp.Infrastructure\TodoApp.Infrastructure.csproj", "{C08D1AAC-47A8-4784-97F2-57F0E49E8932}"
EndProject
Project("{FAE04EC0-301F-11D3-BF4B-00C04F79EFBC}") = "TodoApp.Shared", "TodoApp.Shared\TodoApp.Shared.csproj", "{517DFEF6-D8DF-4367-872E-7708A427C389}"
EndProject
Global
	GlobalSection(SolutionConfigurationPlatforms) = preSolution
		Debug|Any CPU = Debug|Any CPU
		Release|Any CPU = Release|Any CPU
	EndGlobalSection
	GlobalSection(ProjectConfigurationPlatforms) = postSolution
		{C4FCD210-8879-4686-8371-41FD6B35B8A8}.Debug|Any CPU.ActiveCfg = Debug|Any CPU
		{C4FCD210-8879-4686-8371-41FD6B35B8A8}.Debug|Any CPU.Build.0 = Debug|Any CPU
		{C4FCD210-8879-4686-8371-41FD6B35B8A8}.Release|Any CPU.ActiveCfg = Release|Any CPU
		{C4FCD210-8879-4686-8371-41FD6B35B8A8}.Release|Any CPU.Build.0 = Release|Any CPU
		{F68D51B8-2EC3-427E-9006-2C3E34DCB7BE}.Debug|Any CPU.ActiveCfg = Debug|Any CPU
		{F68D51B8-2EC3-427E-9006-2C3E34DCB7BE}.Debug|Any CPU.Build.0 = Debug|Any CPU
		{F68D51B8-2EC3-427E-9006-2C3E34DCB7BE}.Release|Any CPU.ActiveCfg = Release|Any CPU
		{F68D51B8-2EC3-427E-9006-2C3E34DCB7BE}.Release|Any CPU.Build.0 = Release|Any CPU
		{8CE212FA-7971-4586-91C3-40F99D163F9B}.Debug|Any CPU.ActiveCfg = Debug|Any CPU
		{8CE212FA-7971-4586-91C3-40F99D163F9B}.Debug|Any CPU.Build.0 = Debug|Any CPU
		{8CE212FA-7971-4586-91C3-40F99D163F9B}.Release|Any CPU.ActiveCfg = Release|Any CPU
		{8CE212FA-7971-4586-91C3-40F99D163F9B}.Release|Any CPU.Build.0 = Release|Any CPU
		{C08D1AAC-47A8-4784-97F2-57F0E49E8932}.Debug|Any CPU.ActiveCfg = Debug|Any CPU
		{C08D1AAC-47A8-4784-97F2-57F0E49E8932}.Debug|Any CPU.Build.0 = Debug|Any CPU
		{C08D1AAC-47A8-4784-97F2-57F0E49E8932}.Release|Any CPU.ActiveCfg = Release|Any CPU
		{C08D1AAC-47A8-4784-97F2-57F0E49E8932}.Release|Any CPU.Build.0 = Release|Any CPU
		{517DFEF6-D8DF-4367-872E-7708A427C389}.Debug|Any CPU.ActiveCfg = Debug|Any CPU
		{517DFEF6-D8DF-4367-872E-7708A427C389}.Debug|Any CPU.Build.0 = Debug|Any CPU
		{517DFEF6-D8DF-4367-872E-7708A427C389}.Release|Any CPU.ActiveCfg = Release|Any CPU
		{517DFEF6-D8DF-4367-872E-7708A427C389}.Release|Any CPU.Build.0 = Release|Any CPU
	EndGlobalSection
	GlobalSection(SolutionProperties) = preSolution
		HideSolutionNode = FALSE
	EndGlobalSection
	GlobalSection(ExtensibilityGlobals) = postSolution
		SolutionGuid = {D26569E7-0C60-4D74-9040-903991BB519C}
	EndGlobalSection
EndGlobal
